
Microsoft Visual Studio Solution File, Format Version 12.00
# Visual Studio 14
VisualStudioVersion = 14.0.24720.0
MinimumVisualStudioVersion = 10.0.40219.1
Project("{2150E333-8FDC-42A3-9474-1A3956D46DE8}") = "0 - Source", "0 - Source", "{6B0E0AC2-F812-49D0-8AEC-47C34ACEC826}"
EndProject
Project("{2150E333-8FDC-42A3-9474-1A3956D46DE8}") = "1 - Tests", "1 - Tests", "{7EC824C2-DF4C-4FCB-B2B8-8501F3DF85D4}"
EndProject
Project("{2150E333-8FDC-42A3-9474-1A3956D46DE8}") = "2 - Nuget", "2 - Nuget", "{896BD1EB-467A-45CE-B06B-7BCC35D256DB}"
EndProject
Project("{FAE04EC0-301F-11D3-BF4B-00C04F79EFBC}") = "PayLoadion", "PayLoadion\PayLoadion.csproj", "{9D5B284E-BC51-4E59-B4F0-AC979386FC06}"
EndProject
Project("{2150E333-8FDC-42A3-9474-1A3956D46DE8}") = "0.0 - Core", "0.0 - Core", "{4CC99E29-FF5B-4D25-8DE4-2D8AF99D47BB}"
EndProject
Project("{2150E333-8FDC-42A3-9474-1A3956D46DE8}") = "0.1 - Apple", "0.1 - Apple", "{04780E10-A29F-44CA-BE42-ECFB01804403}"
EndProject
Project("{2150E333-8FDC-42A3-9474-1A3956D46DE8}") = "2.0 - Core", "2.0 - Core", "{357CB2B6-790C-46FC-B987-BDA9DF09DC4F}"
EndProject
Project("{2150E333-8FDC-42A3-9474-1A3956D46DE8}") = "1.1 - Apns", "1.1 - Apns", "{AFB09976-D4F0-48B5-9B5E-F0C09065B2E4}"
EndProject
Project("{2150E333-8FDC-42A3-9474-1A3956D46DE8}") = "2.1 - Apple", "2.1 - Apple", "{22057A49-5626-4D5F-A40B-C6D6E204C609}"
EndProject
Project("{2150E333-8FDC-42A3-9474-1A3956D46DE8}") = "0.2 - Google", "0.2 - Google", "{CDB34EC4-D069-445E-B7C3-B1E21CBCEA40}"
EndProject
Project("{2150E333-8FDC-42A3-9474-1A3956D46DE8}") = "0.3 - Microsoft", "0.3 - Microsoft", "{2CE07AB2-055B-4C06-8DF8-AD73ED67C704}"
EndProject
Project("{2150E333-8FDC-42A3-9474-1A3956D46DE8}") = "2.2 - Google", "2.2 - Google", "{F2E2435A-A371-4D9A-AD3A-1E8B3FD07DDC}"
EndProject
Project("{2150E333-8FDC-42A3-9474-1A3956D46DE8}") = "2.3 - Microsoft", "2.3 - Microsoft", "{ED2880D0-745D-4419-B412-F8FE19835582}"
EndProject
Project("{2150E333-8FDC-42A3-9474-1A3956D46DE8}") = "1.2 - Google", "1.2 - Google", "{B22D6434-5117-4AEB-AA6A-02DCBAC9B5F4}"
EndProject
Project("{2150E333-8FDC-42A3-9474-1A3956D46DE8}") = "1.3 - PayLoadion.Microsoft", "1.3 - PayLoadion.Microsoft", "{5863C054-E057-4772-B2B1-6F90C541BA9D}"
EndProject
Project("{2150E333-8FDC-42A3-9474-1A3956D46DE8}") = "APNS - Apple Push Notification Service", "APNS - Apple Push Notification Service", "{D085AFAF-50DC-4719-8507-05BD76432F57}"
EndProject
Project("{FAE04EC0-301F-11D3-BF4B-00C04F79EFBC}") = "PayLoadion.Apns", "PayLoadion.Apns\PayLoadion.Apns.csproj", "{475B3427-FEAB-48B3-B86B-773DB2690614}"
EndProject
Project("{FAE04EC0-301F-11D3-BF4B-00C04F79EFBC}") = "PayLoadion.Apns.Tests", "PayLoadion.Apns.Tests\PayLoadion.Apns.Tests.csproj", "{EE2040BA-1D5A-4C17-9764-80B51A1525BE}"
EndProject
Project("{FAE04EC0-301F-11D3-BF4B-00C04F79EFBC}") = "PayLoadion.Gcm", "PayLoadion.Gcm\PayLoadion.Gcm.csproj", "{EA392F12-6B71-40F4-9EF8-6333A28D010D}"
EndProject
Project("{2150E333-8FDC-42A3-9474-1A3956D46DE8}") = "GCM - Google Cloud Messaging", "GCM - Google Cloud Messaging", "{5B0AB26E-2086-4CCB-B156-F83DA85DE953}"
EndProject
Project("{FAE04EC0-301F-11D3-BF4B-00C04F79EFBC}") = "PayLoadion.Gcm.Tests", "PayLoadion.Gcm.Tests\PayLoadion.Gcm.Tests.csproj", "{5236DAB5-7D79-467C-A8D9-4EBF7F4D93EF}"
EndProject
Project("{FAE04EC0-301F-11D3-BF4B-00C04F79EFBC}") = "PayLoadion.Wns", "PayLoadion.Wns\PayLoadion.Wns.csproj", "{3F58044C-4455-4061-813C-BF4C3AF3A5F4}"
EndProject
Project("{2150E333-8FDC-42A3-9474-1A3956D46DE8}") = "WNS - Windows Notification Service", "WNS - Windows Notification Service", "{8E612F10-1CD1-4778-B0E6-06E9C2F590AA}"
EndProject
Project("{2150E333-8FDC-42A3-9474-1A3956D46DE8}") = "WNS - Windows Notification Service", "WNS - Windows Notification Service", "{31C69D88-38F7-4C5C-9AB4-CA326CA97A5E}"
EndProject
Project("{FAE04EC0-301F-11D3-BF4B-00C04F79EFBC}") = "PayLoadion.Wns.Tests", "PayLoadion.Wns.Tests\PayLoadion.Wns.Tests.csproj", "{409EE787-31EA-40F6-881C-0D78BC8BA7B1}"
EndProject
Project("{2150E333-8FDC-42A3-9474-1A3956D46DE8}") = "GCM - Google Cloud Messaging", "GCM - Google Cloud Messaging", "{1F86202F-D27A-4945-B8DC-320262C6597D}"
EndProject
Project("{FAE04EC0-301F-11D3-BF4B-00C04F79EFBC}") = "PayLoadion.NugetPackage", "PayLoadion.NugetPackage\PayLoadion.NugetPackage.csproj", "{0451BAEF-DF2E-4B98-8644-94EE9415E389}"
EndProject
Project("{2150E333-8FDC-42A3-9474-1A3956D46DE8}") = "2.1.0 - APNS - Apple Push Notification Service", "2.1.0 - APNS - Apple Push Notification Service", "{12513C6C-2DAE-4F1B-BBAE-9A541758351E}"
EndProject
Project("{2150E333-8FDC-42A3-9474-1A3956D46DE8}") = "APNS - Apple Push Notification Service", "APNS - Apple Push Notification Service", "{03D530EE-24EB-4FD0-84EC-57C559031682}"
EndProject
Project("{FAE04EC0-301F-11D3-BF4B-00C04F79EFBC}") = "PayLoadion.Apns.NugetPackage", "PayLoadion.Apns.NugetPackage\PayLoadion.Apns.NugetPackage.csproj", "{4BAFAA62-51D4-4BF2-B93E-782FD1DD0F4E}"
EndProject
Project("{2150E333-8FDC-42A3-9474-1A3956D46DE8}") = "2.2.0 - GCM - Google Cloud Messaging", "2.2.0 - GCM - Google Cloud Messaging", "{6EA6FAFB-5D7A-4512-A11F-A170435AAE47}"
EndProject
Project("{FAE04EC0-301F-11D3-BF4B-00C04F79EFBC}") = "PayLoadion.Gcm.NugetPackage", "PayLoadion.Gcm.NugetPackage\PayLoadion.Gcm.NugetPackage.csproj", "{173D521A-2CA4-4C24-9ECD-14D970FA2269}"
EndProject
Project("{2150E333-8FDC-42A3-9474-1A3956D46DE8}") = "2.1.1 - Project Icon", "2.1.1 - Project Icon", "{161EA6C4-3F56-450C-83F3-6CD853F10971}"
	ProjectSection(SolutionItems) = preProject
		Project Icons\PayLoadion\payloadion_core.png = Project Icons\PayLoadion\payloadion_core.png
	EndProjectSection
EndProject
Project("{2150E333-8FDC-42A3-9474-1A3956D46DE8}") = "2.0.1 - Package", "2.0.1 - Package", "{0082BBAB-507B-4BFA-B12D-E643C53EAEF4}"
EndProject
Project("{2150E333-8FDC-42A3-9474-1A3956D46DE8}") = "2.1.0.1 - Package", "2.1.0.1 - Package", "{FBC3BD4C-947E-464A-88FF-B8C95B9C134D}"
EndProject
Project("{2150E333-8FDC-42A3-9474-1A3956D46DE8}") = "2.1.0.2 - Project Icon", "2.1.0.2 - Project Icon", "{6B6F6AE7-BF87-4A78-87B4-D3E394CD2E73}"
	ProjectSection(SolutionItems) = preProject
		Project Icons\PayLoadion.Apns\payloadion_apple.png = Project Icons\PayLoadion.Apns\payloadion_apple.png
	EndProjectSection
EndProject
Project("{2150E333-8FDC-42A3-9474-1A3956D46DE8}") = "2.2.0.1 - Package", "2.2.0.1 - Package", "{2341A2D2-E7D5-4399-8910-FF803A8E11D9}"
EndProject
Project("{2150E333-8FDC-42A3-9474-1A3956D46DE8}") = "2.2.0.2 - Project Icon", "2.2.0.2 - Project Icon", "{04C43437-86F9-4CCA-A0E1-7EDCAA28CB2F}"
	ProjectSection(SolutionItems) = preProject
		Project Icons\PayLoadion.Gcm\payloadion_google.png = Project Icons\PayLoadion.Gcm\payloadion_google.png
	EndProjectSection
EndProject
Global
	GlobalSection(SolutionConfigurationPlatforms) = preSolution
		Debug|Any CPU = Debug|Any CPU
		Debug|ARM = Debug|ARM
		Debug|x64 = Debug|x64
		Debug|x86 = Debug|x86
		Release|Any CPU = Release|Any CPU
		Release|ARM = Release|ARM
		Release|x64 = Release|x64
		Release|x86 = Release|x86
	EndGlobalSection
	GlobalSection(ProjectConfigurationPlatforms) = postSolution
		{9D5B284E-BC51-4E59-B4F0-AC979386FC06}.Debug|Any CPU.ActiveCfg = Debug|Any CPU
		{9D5B284E-BC51-4E59-B4F0-AC979386FC06}.Debug|Any CPU.Build.0 = Debug|Any CPU
		{9D5B284E-BC51-4E59-B4F0-AC979386FC06}.Debug|ARM.ActiveCfg = Debug|Any CPU
		{9D5B284E-BC51-4E59-B4F0-AC979386FC06}.Debug|ARM.Build.0 = Debug|Any CPU
		{9D5B284E-BC51-4E59-B4F0-AC979386FC06}.Debug|x64.ActiveCfg = Debug|Any CPU
		{9D5B284E-BC51-4E59-B4F0-AC979386FC06}.Debug|x64.Build.0 = Debug|Any CPU
		{9D5B284E-BC51-4E59-B4F0-AC979386FC06}.Debug|x86.ActiveCfg = Debug|Any CPU
		{9D5B284E-BC51-4E59-B4F0-AC979386FC06}.Debug|x86.Build.0 = Debug|Any CPU
		{9D5B284E-BC51-4E59-B4F0-AC979386FC06}.Release|Any CPU.ActiveCfg = Release|Any CPU
		{9D5B284E-BC51-4E59-B4F0-AC979386FC06}.Release|Any CPU.Build.0 = Release|Any CPU
		{9D5B284E-BC51-4E59-B4F0-AC979386FC06}.Release|ARM.ActiveCfg = Release|Any CPU
		{9D5B284E-BC51-4E59-B4F0-AC979386FC06}.Release|ARM.Build.0 = Release|Any CPU
		{9D5B284E-BC51-4E59-B4F0-AC979386FC06}.Release|x64.ActiveCfg = Release|Any CPU
		{9D5B284E-BC51-4E59-B4F0-AC979386FC06}.Release|x64.Build.0 = Release|Any CPU
		{9D5B284E-BC51-4E59-B4F0-AC979386FC06}.Release|x86.ActiveCfg = Release|Any CPU
		{9D5B284E-BC51-4E59-B4F0-AC979386FC06}.Release|x86.Build.0 = Release|Any CPU
		{475B3427-FEAB-48B3-B86B-773DB2690614}.Debug|Any CPU.ActiveCfg = Debug|Any CPU
		{475B3427-FEAB-48B3-B86B-773DB2690614}.Debug|Any CPU.Build.0 = Debug|Any CPU
		{475B3427-FEAB-48B3-B86B-773DB2690614}.Debug|ARM.ActiveCfg = Debug|Any CPU
		{475B3427-FEAB-48B3-B86B-773DB2690614}.Debug|ARM.Build.0 = Debug|Any CPU
		{475B3427-FEAB-48B3-B86B-773DB2690614}.Debug|x64.ActiveCfg = Debug|Any CPU
		{475B3427-FEAB-48B3-B86B-773DB2690614}.Debug|x64.Build.0 = Debug|Any CPU
		{475B3427-FEAB-48B3-B86B-773DB2690614}.Debug|x86.ActiveCfg = Debug|Any CPU
		{475B3427-FEAB-48B3-B86B-773DB2690614}.Debug|x86.Build.0 = Debug|Any CPU
		{475B3427-FEAB-48B3-B86B-773DB2690614}.Release|Any CPU.ActiveCfg = Release|Any CPU
		{475B3427-FEAB-48B3-B86B-773DB2690614}.Release|Any CPU.Build.0 = Release|Any CPU
		{475B3427-FEAB-48B3-B86B-773DB2690614}.Release|ARM.ActiveCfg = Release|Any CPU
		{475B3427-FEAB-48B3-B86B-773DB2690614}.Release|ARM.Build.0 = Release|Any CPU
		{475B3427-FEAB-48B3-B86B-773DB2690614}.Release|x64.ActiveCfg = Release|Any CPU
		{475B3427-FEAB-48B3-B86B-773DB2690614}.Release|x64.Build.0 = Release|Any CPU
		{475B3427-FEAB-48B3-B86B-773DB2690614}.Release|x86.ActiveCfg = Release|Any CPU
		{475B3427-FEAB-48B3-B86B-773DB2690614}.Release|x86.Build.0 = Release|Any CPU
		{EE2040BA-1D5A-4C17-9764-80B51A1525BE}.Debug|Any CPU.ActiveCfg = Debug|Any CPU
		{EE2040BA-1D5A-4C17-9764-80B51A1525BE}.Debug|Any CPU.Build.0 = Debug|Any CPU
		{EE2040BA-1D5A-4C17-9764-80B51A1525BE}.Debug|ARM.ActiveCfg = Debug|Any CPU
		{EE2040BA-1D5A-4C17-9764-80B51A1525BE}.Debug|ARM.Build.0 = Debug|Any CPU
		{EE2040BA-1D5A-4C17-9764-80B51A1525BE}.Debug|x64.ActiveCfg = Debug|Any CPU
		{EE2040BA-1D5A-4C17-9764-80B51A1525BE}.Debug|x64.Build.0 = Debug|Any CPU
		{EE2040BA-1D5A-4C17-9764-80B51A1525BE}.Debug|x86.ActiveCfg = Debug|Any CPU
		{EE2040BA-1D5A-4C17-9764-80B51A1525BE}.Debug|x86.Build.0 = Debug|Any CPU
		{EE2040BA-1D5A-4C17-9764-80B51A1525BE}.Release|Any CPU.ActiveCfg = Release|Any CPU
		{EE2040BA-1D5A-4C17-9764-80B51A1525BE}.Release|Any CPU.Build.0 = Release|Any CPU
		{EE2040BA-1D5A-4C17-9764-80B51A1525BE}.Release|ARM.ActiveCfg = Release|Any CPU
		{EE2040BA-1D5A-4C17-9764-80B51A1525BE}.Release|ARM.Build.0 = Release|Any CPU
		{EE2040BA-1D5A-4C17-9764-80B51A1525BE}.Release|x64.ActiveCfg = Release|Any CPU
		{EE2040BA-1D5A-4C17-9764-80B51A1525BE}.Release|x64.Build.0 = Release|Any CPU
		{EE2040BA-1D5A-4C17-9764-80B51A1525BE}.Release|x86.ActiveCfg = Release|Any CPU
		{EE2040BA-1D5A-4C17-9764-80B51A1525BE}.Release|x86.Build.0 = Release|Any CPU
		{EA392F12-6B71-40F4-9EF8-6333A28D010D}.Debug|Any CPU.ActiveCfg = Debug|Any CPU
		{EA392F12-6B71-40F4-9EF8-6333A28D010D}.Debug|Any CPU.Build.0 = Debug|Any CPU
		{EA392F12-6B71-40F4-9EF8-6333A28D010D}.Debug|ARM.ActiveCfg = Debug|Any CPU
		{EA392F12-6B71-40F4-9EF8-6333A28D010D}.Debug|ARM.Build.0 = Debug|Any CPU
		{EA392F12-6B71-40F4-9EF8-6333A28D010D}.Debug|x64.ActiveCfg = Debug|Any CPU
		{EA392F12-6B71-40F4-9EF8-6333A28D010D}.Debug|x64.Build.0 = Debug|Any CPU
		{EA392F12-6B71-40F4-9EF8-6333A28D010D}.Debug|x86.ActiveCfg = Debug|Any CPU
		{EA392F12-6B71-40F4-9EF8-6333A28D010D}.Debug|x86.Build.0 = Debug|Any CPU
		{EA392F12-6B71-40F4-9EF8-6333A28D010D}.Release|Any CPU.ActiveCfg = Release|Any CPU
		{EA392F12-6B71-40F4-9EF8-6333A28D010D}.Release|Any CPU.Build.0 = Release|Any CPU
		{EA392F12-6B71-40F4-9EF8-6333A28D010D}.Release|ARM.ActiveCfg = Release|Any CPU
		{EA392F12-6B71-40F4-9EF8-6333A28D010D}.Release|ARM.Build.0 = Release|Any CPU
		{EA392F12-6B71-40F4-9EF8-6333A28D010D}.Release|x64.ActiveCfg = Release|Any CPU
		{EA392F12-6B71-40F4-9EF8-6333A28D010D}.Release|x64.Build.0 = Release|Any CPU
		{EA392F12-6B71-40F4-9EF8-6333A28D010D}.Release|x86.ActiveCfg = Release|Any CPU
		{EA392F12-6B71-40F4-9EF8-6333A28D010D}.Release|x86.Build.0 = Release|Any CPU
		{5236DAB5-7D79-467C-A8D9-4EBF7F4D93EF}.Debug|Any CPU.ActiveCfg = Debug|Any CPU
		{5236DAB5-7D79-467C-A8D9-4EBF7F4D93EF}.Debug|Any CPU.Build.0 = Debug|Any CPU
		{5236DAB5-7D79-467C-A8D9-4EBF7F4D93EF}.Debug|ARM.ActiveCfg = Debug|Any CPU
		{5236DAB5-7D79-467C-A8D9-4EBF7F4D93EF}.Debug|ARM.Build.0 = Debug|Any CPU
		{5236DAB5-7D79-467C-A8D9-4EBF7F4D93EF}.Debug|x64.ActiveCfg = Debug|Any CPU
		{5236DAB5-7D79-467C-A8D9-4EBF7F4D93EF}.Debug|x64.Build.0 = Debug|Any CPU
		{5236DAB5-7D79-467C-A8D9-4EBF7F4D93EF}.Debug|x86.ActiveCfg = Debug|Any CPU
		{5236DAB5-7D79-467C-A8D9-4EBF7F4D93EF}.Debug|x86.Build.0 = Debug|Any CPU
		{5236DAB5-7D79-467C-A8D9-4EBF7F4D93EF}.Release|Any CPU.ActiveCfg = Release|Any CPU
		{5236DAB5-7D79-467C-A8D9-4EBF7F4D93EF}.Release|Any CPU.Build.0 = Release|Any CPU
		{5236DAB5-7D79-467C-A8D9-4EBF7F4D93EF}.Release|ARM.ActiveCfg = Release|Any CPU
		{5236DAB5-7D79-467C-A8D9-4EBF7F4D93EF}.Release|ARM.Build.0 = Release|Any CPU
		{5236DAB5-7D79-467C-A8D9-4EBF7F4D93EF}.Release|x64.ActiveCfg = Release|Any CPU
		{5236DAB5-7D79-467C-A8D9-4EBF7F4D93EF}.Release|x64.Build.0 = Release|Any CPU
		{5236DAB5-7D79-467C-A8D9-4EBF7F4D93EF}.Release|x86.ActiveCfg = Release|Any CPU
		{5236DAB5-7D79-467C-A8D9-4EBF7F4D93EF}.Release|x86.Build.0 = Release|Any CPU
		{3F58044C-4455-4061-813C-BF4C3AF3A5F4}.Debug|Any CPU.ActiveCfg = Debug|Any CPU
		{3F58044C-4455-4061-813C-BF4C3AF3A5F4}.Debug|Any CPU.Build.0 = Debug|Any CPU
		{3F58044C-4455-4061-813C-BF4C3AF3A5F4}.Debug|ARM.ActiveCfg = Debug|Any CPU
		{3F58044C-4455-4061-813C-BF4C3AF3A5F4}.Debug|ARM.Build.0 = Debug|Any CPU
		{3F58044C-4455-4061-813C-BF4C3AF3A5F4}.Debug|x64.ActiveCfg = Debug|Any CPU
		{3F58044C-4455-4061-813C-BF4C3AF3A5F4}.Debug|x64.Build.0 = Debug|Any CPU
		{3F58044C-4455-4061-813C-BF4C3AF3A5F4}.Debug|x86.ActiveCfg = Debug|Any CPU
		{3F58044C-4455-4061-813C-BF4C3AF3A5F4}.Debug|x86.Build.0 = Debug|Any CPU
		{3F58044C-4455-4061-813C-BF4C3AF3A5F4}.Release|Any CPU.ActiveCfg = Release|Any CPU
		{3F58044C-4455-4061-813C-BF4C3AF3A5F4}.Release|Any CPU.Build.0 = Release|Any CPU
		{3F58044C-4455-4061-813C-BF4C3AF3A5F4}.Release|ARM.ActiveCfg = Release|Any CPU
		{3F58044C-4455-4061-813C-BF4C3AF3A5F4}.Release|ARM.Build.0 = Release|Any CPU
		{3F58044C-4455-4061-813C-BF4C3AF3A5F4}.Release|x64.ActiveCfg = Release|Any CPU
		{3F58044C-4455-4061-813C-BF4C3AF3A5F4}.Release|x64.Build.0 = Release|Any CPU
		{3F58044C-4455-4061-813C-BF4C3AF3A5F4}.Release|x86.ActiveCfg = Release|Any CPU
		{3F58044C-4455-4061-813C-BF4C3AF3A5F4}.Release|x86.Build.0 = Release|Any CPU
		{409EE787-31EA-40F6-881C-0D78BC8BA7B1}.Debug|Any CPU.ActiveCfg = Debug|Any CPU
		{409EE787-31EA-40F6-881C-0D78BC8BA7B1}.Debug|Any CPU.Build.0 = Debug|Any CPU
		{409EE787-31EA-40F6-881C-0D78BC8BA7B1}.Debug|ARM.ActiveCfg = Debug|Any CPU
		{409EE787-31EA-40F6-881C-0D78BC8BA7B1}.Debug|ARM.Build.0 = Debug|Any CPU
		{409EE787-31EA-40F6-881C-0D78BC8BA7B1}.Debug|x64.ActiveCfg = Debug|Any CPU
		{409EE787-31EA-40F6-881C-0D78BC8BA7B1}.Debug|x64.Build.0 = Debug|Any CPU
		{409EE787-31EA-40F6-881C-0D78BC8BA7B1}.Debug|x86.ActiveCfg = Debug|Any CPU
		{409EE787-31EA-40F6-881C-0D78BC8BA7B1}.Debug|x86.Build.0 = Debug|Any CPU
		{409EE787-31EA-40F6-881C-0D78BC8BA7B1}.Release|Any CPU.ActiveCfg = Release|Any CPU
		{409EE787-31EA-40F6-881C-0D78BC8BA7B1}.Release|Any CPU.Build.0 = Release|Any CPU
		{409EE787-31EA-40F6-881C-0D78BC8BA7B1}.Release|ARM.ActiveCfg = Release|Any CPU
		{409EE787-31EA-40F6-881C-0D78BC8BA7B1}.Release|ARM.Build.0 = Release|Any CPU
		{409EE787-31EA-40F6-881C-0D78BC8BA7B1}.Release|x64.ActiveCfg = Release|Any CPU
		{409EE787-31EA-40F6-881C-0D78BC8BA7B1}.Release|x64.Build.0 = Release|Any CPU
		{409EE787-31EA-40F6-881C-0D78BC8BA7B1}.Release|x86.ActiveCfg = Release|Any CPU
		{409EE787-31EA-40F6-881C-0D78BC8BA7B1}.Release|x86.Build.0 = Release|Any CPU
		{0451BAEF-DF2E-4B98-8644-94EE9415E389}.Debug|Any CPU.ActiveCfg = Debug|Any CPU
		{0451BAEF-DF2E-4B98-8644-94EE9415E389}.Debug|Any CPU.Build.0 = Debug|Any CPU
		{0451BAEF-DF2E-4B98-8644-94EE9415E389}.Debug|ARM.ActiveCfg = Debug|Any CPU
		{0451BAEF-DF2E-4B98-8644-94EE9415E389}.Debug|ARM.Build.0 = Debug|Any CPU
		{0451BAEF-DF2E-4B98-8644-94EE9415E389}.Debug|x64.ActiveCfg = Debug|Any CPU
		{0451BAEF-DF2E-4B98-8644-94EE9415E389}.Debug|x64.Build.0 = Debug|Any CPU
		{0451BAEF-DF2E-4B98-8644-94EE9415E389}.Debug|x86.ActiveCfg = Debug|Any CPU
		{0451BAEF-DF2E-4B98-8644-94EE9415E389}.Debug|x86.Build.0 = Debug|Any CPU
		{0451BAEF-DF2E-4B98-8644-94EE9415E389}.Release|Any CPU.ActiveCfg = Release|Any CPU
		{0451BAEF-DF2E-4B98-8644-94EE9415E389}.Release|Any CPU.Build.0 = Release|Any CPU
		{0451BAEF-DF2E-4B98-8644-94EE9415E389}.Release|ARM.ActiveCfg = Release|Any CPU
		{0451BAEF-DF2E-4B98-8644-94EE9415E389}.Release|ARM.Build.0 = Release|Any CPU
		{0451BAEF-DF2E-4B98-8644-94EE9415E389}.Release|x64.ActiveCfg = Release|Any CPU
		{0451BAEF-DF2E-4B98-8644-94EE9415E389}.Release|x64.Build.0 = Release|Any CPU
		{0451BAEF-DF2E-4B98-8644-94EE9415E389}.Release|x86.ActiveCfg = Release|Any CPU
		{0451BAEF-DF2E-4B98-8644-94EE9415E389}.Release|x86.Build.0 = Release|Any CPU
		{4BAFAA62-51D4-4BF2-B93E-782FD1DD0F4E}.Debug|Any CPU.ActiveCfg = Debug|Any CPU
		{4BAFAA62-51D4-4BF2-B93E-782FD1DD0F4E}.Debug|Any CPU.Build.0 = Debug|Any CPU
		{4BAFAA62-51D4-4BF2-B93E-782FD1DD0F4E}.Debug|ARM.ActiveCfg = Debug|Any CPU
		{4BAFAA62-51D4-4BF2-B93E-782FD1DD0F4E}.Debug|ARM.Build.0 = Debug|Any CPU
		{4BAFAA62-51D4-4BF2-B93E-782FD1DD0F4E}.Debug|x64.ActiveCfg = Debug|Any CPU
		{4BAFAA62-51D4-4BF2-B93E-782FD1DD0F4E}.Debug|x64.Build.0 = Debug|Any CPU
		{4BAFAA62-51D4-4BF2-B93E-782FD1DD0F4E}.Debug|x86.ActiveCfg = Debug|Any CPU
		{4BAFAA62-51D4-4BF2-B93E-782FD1DD0F4E}.Debug|x86.Build.0 = Debug|Any CPU
		{4BAFAA62-51D4-4BF2-B93E-782FD1DD0F4E}.Release|Any CPU.ActiveCfg = Release|Any CPU
		{4BAFAA62-51D4-4BF2-B93E-782FD1DD0F4E}.Release|Any CPU.Build.0 = Release|Any CPU
		{4BAFAA62-51D4-4BF2-B93E-782FD1DD0F4E}.Release|ARM.ActiveCfg = Release|Any CPU
		{4BAFAA62-51D4-4BF2-B93E-782FD1DD0F4E}.Release|ARM.Build.0 = Release|Any CPU
		{4BAFAA62-51D4-4BF2-B93E-782FD1DD0F4E}.Release|x64.ActiveCfg = Release|Any CPU
		{4BAFAA62-51D4-4BF2-B93E-782FD1DD0F4E}.Release|x64.Build.0 = Release|Any CPU
		{4BAFAA62-51D4-4BF2-B93E-782FD1DD0F4E}.Release|x86.ActiveCfg = Release|Any CPU
		{4BAFAA62-51D4-4BF2-B93E-782FD1DD0F4E}.Release|x86.Build.0 = Release|Any CPU
		{173D521A-2CA4-4C24-9ECD-14D970FA2269}.Debug|Any CPU.ActiveCfg = Debug|Any CPU
		{173D521A-2CA4-4C24-9ECD-14D970FA2269}.Debug|Any CPU.Build.0 = Debug|Any CPU
		{173D521A-2CA4-4C24-9ECD-14D970FA2269}.Debug|ARM.ActiveCfg = Debug|Any CPU
		{173D521A-2CA4-4C24-9ECD-14D970FA2269}.Debug|ARM.Build.0 = Debug|Any CPU
		{173D521A-2CA4-4C24-9ECD-14D970FA2269}.Debug|x64.ActiveCfg = Debug|Any CPU
		{173D521A-2CA4-4C24-9ECD-14D970FA2269}.Debug|x64.Build.0 = Debug|Any CPU
		{173D521A-2CA4-4C24-9ECD-14D970FA2269}.Debug|x86.ActiveCfg = Debug|Any CPU
		{173D521A-2CA4-4C24-9ECD-14D970FA2269}.Debug|x86.Build.0 = Debug|Any CPU
		{173D521A-2CA4-4C24-9ECD-14D970FA2269}.Release|Any CPU.ActiveCfg = Release|Any CPU
		{173D521A-2CA4-4C24-9ECD-14D970FA2269}.Release|Any CPU.Build.0 = Release|Any CPU
		{173D521A-2CA4-4C24-9ECD-14D970FA2269}.Release|ARM.ActiveCfg = Release|Any CPU
		{173D521A-2CA4-4C24-9ECD-14D970FA2269}.Release|ARM.Build.0 = Release|Any CPU
		{173D521A-2CA4-4C24-9ECD-14D970FA2269}.Release|x64.ActiveCfg = Release|Any CPU
		{173D521A-2CA4-4C24-9ECD-14D970FA2269}.Release|x64.Build.0 = Release|Any CPU
		{173D521A-2CA4-4C24-9ECD-14D970FA2269}.Release|x86.ActiveCfg = Release|Any CPU
		{173D521A-2CA4-4C24-9ECD-14D970FA2269}.Release|x86.Build.0 = Release|Any CPU
	EndGlobalSection
	GlobalSection(SolutionProperties) = preSolution
		HideSolutionNode = FALSE
	EndGlobalSection
	GlobalSection(NestedProjects) = preSolution
		{9D5B284E-BC51-4E59-B4F0-AC979386FC06} = {4CC99E29-FF5B-4D25-8DE4-2D8AF99D47BB}
		{4CC99E29-FF5B-4D25-8DE4-2D8AF99D47BB} = {6B0E0AC2-F812-49D0-8AEC-47C34ACEC826}
		{04780E10-A29F-44CA-BE42-ECFB01804403} = {6B0E0AC2-F812-49D0-8AEC-47C34ACEC826}
		{357CB2B6-790C-46FC-B987-BDA9DF09DC4F} = {896BD1EB-467A-45CE-B06B-7BCC35D256DB}
		{AFB09976-D4F0-48B5-9B5E-F0C09065B2E4} = {7EC824C2-DF4C-4FCB-B2B8-8501F3DF85D4}
		{22057A49-5626-4D5F-A40B-C6D6E204C609} = {896BD1EB-467A-45CE-B06B-7BCC35D256DB}
		{CDB34EC4-D069-445E-B7C3-B1E21CBCEA40} = {6B0E0AC2-F812-49D0-8AEC-47C34ACEC826}
		{2CE07AB2-055B-4C06-8DF8-AD73ED67C704} = {6B0E0AC2-F812-49D0-8AEC-47C34ACEC826}
		{F2E2435A-A371-4D9A-AD3A-1E8B3FD07DDC} = {896BD1EB-467A-45CE-B06B-7BCC35D256DB}
		{ED2880D0-745D-4419-B412-F8FE19835582} = {896BD1EB-467A-45CE-B06B-7BCC35D256DB}
		{B22D6434-5117-4AEB-AA6A-02DCBAC9B5F4} = {7EC824C2-DF4C-4FCB-B2B8-8501F3DF85D4}
		{5863C054-E057-4772-B2B1-6F90C541BA9D} = {7EC824C2-DF4C-4FCB-B2B8-8501F3DF85D4}
		{D085AFAF-50DC-4719-8507-05BD76432F57} = {04780E10-A29F-44CA-BE42-ECFB01804403}
		{475B3427-FEAB-48B3-B86B-773DB2690614} = {D085AFAF-50DC-4719-8507-05BD76432F57}
		{EE2040BA-1D5A-4C17-9764-80B51A1525BE} = {03D530EE-24EB-4FD0-84EC-57C559031682}
		{EA392F12-6B71-40F4-9EF8-6333A28D010D} = {5B0AB26E-2086-4CCB-B156-F83DA85DE953}
		{5B0AB26E-2086-4CCB-B156-F83DA85DE953} = {CDB34EC4-D069-445E-B7C3-B1E21CBCEA40}
		{5236DAB5-7D79-467C-A8D9-4EBF7F4D93EF} = {1F86202F-D27A-4945-B8DC-320262C6597D}
		{3F58044C-4455-4061-813C-BF4C3AF3A5F4} = {8E612F10-1CD1-4778-B0E6-06E9C2F590AA}
		{8E612F10-1CD1-4778-B0E6-06E9C2F590AA} = {2CE07AB2-055B-4C06-8DF8-AD73ED67C704}
		{31C69D88-38F7-4C5C-9AB4-CA326CA97A5E} = {5863C054-E057-4772-B2B1-6F90C541BA9D}
		{409EE787-31EA-40F6-881C-0D78BC8BA7B1} = {31C69D88-38F7-4C5C-9AB4-CA326CA97A5E}
		{1F86202F-D27A-4945-B8DC-320262C6597D} = {B22D6434-5117-4AEB-AA6A-02DCBAC9B5F4}
		{0451BAEF-DF2E-4B98-8644-94EE9415E389} = {0082BBAB-507B-4BFA-B12D-E643C53EAEF4}
		{12513C6C-2DAE-4F1B-BBAE-9A541758351E} = {22057A49-5626-4D5F-A40B-C6D6E204C609}
		{03D530EE-24EB-4FD0-84EC-57C559031682} = {AFB09976-D4F0-48B5-9B5E-F0C09065B2E4}
		{4BAFAA62-51D4-4BF2-B93E-782FD1DD0F4E} = {FBC3BD4C-947E-464A-88FF-B8C95B9C134D}
		{6EA6FAFB-5D7A-4512-A11F-A170435AAE47} = {F2E2435A-A371-4D9A-AD3A-1E8B3FD07DDC}
		{173D521A-2CA4-4C24-9ECD-14D970FA2269} = {2341A2D2-E7D5-4399-8910-FF803A8E11D9}
		{161EA6C4-3F56-450C-83F3-6CD853F10971} = {357CB2B6-790C-46FC-B987-BDA9DF09DC4F}
		{0082BBAB-507B-4BFA-B12D-E643C53EAEF4} = {357CB2B6-790C-46FC-B987-BDA9DF09DC4F}
		{FBC3BD4C-947E-464A-88FF-B8C95B9C134D} = {12513C6C-2DAE-4F1B-BBAE-9A541758351E}
		{6B6F6AE7-BF87-4A78-87B4-D3E394CD2E73} = {12513C6C-2DAE-4F1B-BBAE-9A541758351E}
		{2341A2D2-E7D5-4399-8910-FF803A8E11D9} = {6EA6FAFB-5D7A-4512-A11F-A170435AAE47}
		{04C43437-86F9-4CCA-A0E1-7EDCAA28CB2F} = {6EA6FAFB-5D7A-4512-A11F-A170435AAE47}
	EndGlobalSection
EndGlobal
